// !$*UTF8*$!
{
	archiveVersion = 1;
	classes = {
	};
	objectVersion = 55;
	objects = {

/* Begin PBXBuildFile section */
		2427153899F240875F52C2E4 /* Pods_MySkeletonApp.framework in Frameworks */ = {isa = PBXBuildFile; fileRef = 5ADD0596193E7969EFDD3CDD /* Pods_MySkeletonApp.framework */; };
		7B7C436327CD8D0400066779 /* AppDelegate.swift in Sources */ = {isa = PBXBuildFile; fileRef = 7B7C436227CD8D0400066779 /* AppDelegate.swift */; };
		7B7C436527CD8D0400066779 /* SceneDelegate.swift in Sources */ = {isa = PBXBuildFile; fileRef = 7B7C436427CD8D0400066779 /* SceneDelegate.swift */; };
		7B7C436727CD8D0400066779 /* ViewController.swift in Sources */ = {isa = PBXBuildFile; fileRef = 7B7C436627CD8D0400066779 /* ViewController.swift */; };
		7B7C436A27CD8D0400066779 /* Main.storyboard in Resources */ = {isa = PBXBuildFile; fileRef = 7B7C436827CD8D0400066779 /* Main.storyboard */; };
		7B7C436C27CD8D0A00066779 /* Assets.xcassets in Resources */ = {isa = PBXBuildFile; fileRef = 7B7C436B27CD8D0A00066779 /* Assets.xcassets */; };
		7B7C436F27CD8D0A00066779 /* LaunchScreen.storyboard in Resources */ = {isa = PBXBuildFile; fileRef = 7B7C436D27CD8D0A00066779 /* LaunchScreen.storyboard */; };
		7B7C437727CD8F1300066779 /* MyTableViewCell.swift in Sources */ = {isa = PBXBuildFile; fileRef = 7B7C437627CD8F1300066779 /* MyTableViewCell.swift */; };
/* End PBXBuildFile section */

/* Begin PBXFileReference section */
		5ADD0596193E7969EFDD3CDD /* Pods_MySkeletonApp.framework */ = {isa = PBXFileReference; explicitFileType = wrapper.framework; includeInIndex = 0; path = Pods_MySkeletonApp.framework; sourceTree = BUILT_PRODUCTS_DIR; };
		66B00F710DF41FC24008FCDA /* Pods-MySkeletonApp.debug.xcconfig */ = {isa = PBXFileReference; includeInIndex = 1; lastKnownFileType = text.xcconfig; name = "Pods-MySkeletonApp.debug.xcconfig"; path = "Target Support Files/Pods-MySkeletonApp/Pods-MySkeletonApp.debug.xcconfig"; sourceTree = "<group>"; };
		7B7C435F27CD8D0400066779 /* MySkeletonApp.app */ = {isa = PBXFileReference; explicitFileType = wrapper.application; includeInIndex = 0; path = MySkeletonApp.app; sourceTree = BUILT_PRODUCTS_DIR; };
		7B7C436227CD8D0400066779 /* AppDelegate.swift */ = {isa = PBXFileReference; lastKnownFileType = sourcecode.swift; path = AppDelegate.swift; sourceTree = "<group>"; };
		7B7C436427CD8D0400066779 /* SceneDelegate.swift */ = {isa = PBXFileReference; lastKnownFileType = sourcecode.swift; path = SceneDelegate.swift; sourceTree = "<group>"; };
		7B7C436627CD8D0400066779 /* ViewController.swift */ = {isa = PBXFileReference; lastKnownFileType = sourcecode.swift; path = ViewController.swift; sourceTree = "<group>"; };
		7B7C436927CD8D0400066779 /* Base */ = {isa = PBXFileReference; lastKnownFileType = file.storyboard; name = Base; path = Base.lproj/Main.storyboard; sourceTree = "<group>"; };
		7B7C436B27CD8D0A00066779 /* Assets.xcassets */ = {isa = PBXFileReference; lastKnownFileType = folder.assetcatalog; path = Assets.xcassets; sourceTree = "<group>"; };
		7B7C436E27CD8D0A00066779 /* Base */ = {isa = PBXFileReference; lastKnownFileType = file.storyboard; name = Base; path = Base.lproj/LaunchScreen.storyboard; sourceTree = "<group>"; };
		7B7C437027CD8D0A00066779 /* Info.plist */ = {isa = PBXFileReference; lastKnownFileType = text.plist.xml; path = Info.plist; sourceTree = "<group>"; };
		7B7C437627CD8F1300066779 /* MyTableViewCell.swift */ = {isa = PBXFileReference; lastKnownFileType = sourcecode.swift; path = MyTableViewCell.swift; sourceTree = "<group>"; };
		B2408BEFF6F08D35617DC364 /* Pods-MySkeletonApp.release.xcconfig */ = {isa = PBXFileReference; includeInIndex = 1; lastKnownFileType = text.xcconfig; name = "Pods-MySkeletonApp.release.xcconfig"; path = "Target Support Files/Pods-MySkeletonApp/Pods-MySkeletonApp.release.xcconfig"; sourceTree = "<group>"; };
/* End PBXFileReference section */

/* Begin PBXFrameworksBuildPhase section */
		7B7C435C27CD8D0400066779 /* Frameworks */ = {
			isa = PBXFrameworksBuildPhase;
			buildActionMask = 2147483647;
			files = (
				2427153899F240875F52C2E4 /* Pods_MySkeletonApp.framework in Frameworks */,
			);
			runOnlyForDeploymentPostprocessing = 0;
		};
/* End PBXFrameworksBuildPhase section */

/* Begin PBXGroup section */
		7225A0E24F9FB84D06213247 /* Pods */ = {
			isa = PBXGroup;
			children = (
				66B00F710DF41FC24008FCDA /* Pods-MySkeletonApp.debug.xcconfig */,
				B2408BEFF6F08D35617DC364 /* Pods-MySkeletonApp.release.xcconfig */,
			);
			path = Pods;
			sourceTree = "<group>";
		};
		7B7C435627CD8D0400066779 = {
			isa = PBXGroup;
			children = (
				7B7C436127CD8D0400066779 /* MySkeletonApp */,
				7B7C436027CD8D0400066779 /* Products */,
				7225A0E24F9FB84D06213247 /* Pods */,
				8C3221CBB18485DC17CA00DB /* Frameworks */,
			);
			sourceTree = "<group>";
		};
		7B7C436027CD8D0400066779 /* Products */ = {
			isa = PBXGroup;
			children = (
				7B7C435F27CD8D0400066779 /* MySkeletonApp.app */,
			);
			name = Products;
			sourceTree = "<group>";
		};
		7B7C436127CD8D0400066779 /* MySkeletonApp */ = {
			isa = PBXGroup;
			children = (
				7B7C436227CD8D0400066779 /* AppDelegate.swift */,
				7B7C436427CD8D0400066779 /* SceneDelegate.swift */,
				7B7C436627CD8D0400066779 /* ViewController.swift */,
				7B7C436827CD8D0400066779 /* Main.storyboard */,
				7B7C436B27CD8D0A00066779 /* Assets.xcassets */,
				7B7C436D27CD8D0A00066779 /* LaunchScreen.storyboard */,
				7B7C437027CD8D0A00066779 /* Info.plist */,
				7B7C437627CD8F1300066779 /* MyTableViewCell.swift */,
			);
			path = MySkeletonApp;
			sourceTree = "<group>";
		};
		8C3221CBB18485DC17CA00DB /* Frameworks */ = {
			isa = PBXGroup;
			children = (
				5ADD0596193E7969EFDD3CDD /* Pods_MySkeletonApp.framework */,
			);
			name = Frameworks;
			sourceTree = "<group>";
		};
/* End PBXGroup section */

/* Begin PBXNativeTarget section */
		7B7C435E27CD8D0400066779 /* MySkeletonApp */ = {
			isa = PBXNativeTarget;
			buildConfigurationList = 7B7C437327CD8D0A00066779 /* Build configuration list for PBXNativeTarget "MySkeletonApp" */;
			buildPhases = (
				F438E680EC0A66473AC3E84E /* [CP] Check Pods Manifest.lock */,
				7B7C435B27CD8D0400066779 /* Sources */,
				7B7C435C27CD8D0400066779 /* Frameworks */,
				7B7C435D27CD8D0400066779 /* Resources */,
				9E23755A00911E78DA7CB568 /* [CP] Embed Pods Frameworks */,
			);
			buildRules = (
			);
			dependencies = (
			);
			name = MySkeletonApp;
			productName = MySkeletonApp;
			productReference = 7B7C435F27CD8D0400066779 /* MySkeletonApp.app */;
			productType = "com.apple.product-type.application";
		};
/* End PBXNativeTarget section */

/* Begin PBXProject section */
		7B7C435727CD8D0400066779 /* Project object */ = {
			isa = PBXProject;
			attributes = {
				BuildIndependentTargetsInParallel = 1;
				LastSwiftUpdateCheck = 1320;
				LastUpgradeCheck = 1320;
				TargetAttributes = {
					7B7C435E27CD8D0400066779 = {
						CreatedOnToolsVersion = 13.2.1;
					};
				};
			};
			buildConfigurationList = 7B7C435A27CD8D0400066779 /* Build configuration list for PBXProject "MySkeletonApp" */;
			compatibilityVersion = "Xcode 13.0";
			developmentRegion = en;
			hasScannedForEncodings = 0;
			knownRegions = (
				en,
				Base,
			);
			mainGroup = 7B7C435627CD8D0400066779;
			productRefGroup = 7B7C436027CD8D0400066779 /* Products */;
			projectDirPath = "";
			projectRoot = "";
			targets = (
				7B7C435E27CD8D0400066779 /* MySkeletonApp */,
			);
		};
/* End PBXProject section */

/* Begin PBXResourcesBuildPhase section */
		7B7C435D27CD8D0400066779 /* Resources */ = {
			isa = PBXResourcesBuildPhase;
			buildActionMask = 2147483647;
			files = (
				7B7C436F27CD8D0A00066779 /* LaunchScreen.storyboard in Resources */,
				7B7C436C27CD8D0A00066779 /* Assets.xcassets in Resources */,
				7B7C436A27CD8D0400066779 /* Main.storyboard in Resources */,
			);
			runOnlyForDeploymentPostprocessing = 0;
		};
/* End PBXResourcesBuildPhase section */

/* Begin PBXShellScriptBuildPhase section */
		9E23755A00911E78DA7CB568 /* [CP] Embed Pods Frameworks */ = {
			isa = PBXShellScriptBuildPhase;
			buildActionMask = 2147483647;
			files = (
			);
			inputFileListPaths = (
				"${PODS_ROOT}/Target Support Files/Pods-MySkeletonApp/Pods-MySkeletonApp-frameworks-${CONFIGURATION}-input-files.xcfilelist",
			);
			name = "[CP] Embed Pods Frameworks";
			outputFileListPaths = (
				"${PODS_ROOT}/Target Support Files/Pods-MySkeletonApp/Pods-MySkeletonApp-frameworks-${CONFIGURATION}-output-files.xcfilelist",
			);
			runOnlyForDeploymentPostprocessing = 0;
			shellPath = /bin/sh;
			shellScript = "\"${PODS_ROOT}/Target Support Files/Pods-MySkeletonApp/Pods-MySkeletonApp-frameworks.sh\"\n";
			showEnvVarsInLog = 0;
		};
		F438E680EC0A66473AC3E84E /* [CP] Check Pods Manifest.lock */ = {
			isa = PBXShellScriptBuildPhase;
			buildActionMask = 2147483647;
			files = (
			);
			inputFileListPaths = (
			);
			inputPaths = (
				"${PODS_PODFILE_DIR_PATH}/Podfile.lock",
				"${PODS_ROOT}/Manifest.lock",
			);
			name = "[CP] Check Pods Manifest.lock";
			outputFileListPaths = (
			);
			outputPaths = (
				"$(DERIVED_FILE_DIR)/Pods-MySkeletonApp-checkManifestLockResult.txt",
			);
			runOnlyForDeploymentPostprocessing = 0;
			shellPath = /bin/sh;
			shellScript = "diff \"${PODS_PODFILE_DIR_PATH}/Podfile.lock\" \"${PODS_ROOT}/Manifest.lock\" > /dev/null\nif [ $? != 0 ] ; then\n    # print error to STDERR\n    echo \"error: The sandbox is not in sync with the Podfile.lock. Run 'pod install' or update your CocoaPods installation.\" >&2\n    exit 1\nfi\n# This output is used by Xcode 'outputs' to avoid re-running this script phase.\necho \"SUCCESS\" > \"${SCRIPT_OUTPUT_FILE_0}\"\n";
			showEnvVarsInLog = 0;
		};
/* End PBXShellScriptBuildPhase section */

/* Begin PBXSourcesBuildPhase section */
		7B7C435B27CD8D0400066779 /* Sources */ = {
			isa = PBXSourcesBuildPhase;
			buildActionMask = 2147483647;
			files = (
				7B7C436727CD8D0400066779 /* ViewController.swift in Sources */,
				7B7C437727CD8F1300066779 /* MyTableViewCell.swift in Sources */,
				7B7C436327CD8D0400066779 /* AppDelegate.swift in Sources */,
				7B7C436527CD8D0400066779 /* SceneDelegate.swift in Sources */,
			);
			runOnlyForDeploymentPostprocessing = 0;
		};
/* End PBXSourcesBuildPhase section */

/* Begin PBXVariantGroup section */
		7B7C436827CD8D0400066779 /* Main.storyboard */ = {
			isa = PBXVariantGroup;
			children = (
				7B7C436927CD8D0400066779 /* Base */,
			);
			name = Main.storyboard;
			sourceTree = "<group>";
		};
		7B7C436D27CD8D0A00066779 /* LaunchScreen.storyboard */ = {
			isa = PBXVariantGroup;
			children = (
				7B7C436E27CD8D0A00066779 /* Base */,
			);
			name = LaunchScreen.storyboard;
			sourceTree = "<group>";
		};
/* End PBXVariantGroup section */

/* Begin XCBuildConfiguration section */
		7B7C437127CD8D0A00066779 /* Debug */ = {
			isa = XCBuildConfiguration;
			buildSettings = {
				ALWAYS_SEARCH_USER_PATHS = NO;
				CLANG_ANALYZER_NONNULL = YES;
				CLANG_ANALYZER_NUMBER_OBJECT_CONVERSION = YES_AGGRESSIVE;
				CLANG_CXX_LANGUAGE_STANDARD = "gnu++17";
				CLANG_CXX_LIBRARY = "libc++";
				CLANG_ENABLE_MODULES = YES;
				CLANG_ENABLE_OBJC_ARC = YES;
				CLANG_ENABLE_OBJC_WEAK = YES;
				CLANG_WARN_BLOCK_CAPTURE_AUTORELEASING = YES;
				CLANG_WARN_BOOL_CONVERSION = YES;
				CLANG_WARN_COMMA = YES;
				CLANG_WARN_CONSTANT_CONVERSION = YES;
				CLANG_WARN_DEPRECATED_OBJC_IMPLEMENTATIONS = YES;
				CLANG_WARN_DIRECT_OBJC_ISA_USAGE = YES_ERROR;
				CLANG_WARN_DOCUMENTATION_COMMENTS = YES;
				CLANG_WARN_EMPTY_BODY = YES;
				CLANG_WARN_ENUM_CONVERSION = YES;
				CLANG_WARN_INFINITE_RECURSION = YES;
				CLANG_WARN_INT_CONVERSION = YES;
				CLANG_WARN_NON_LITERAL_NULL_CONVERSION = YES;
				CLANG_WARN_OBJC_IMPLICIT_RETAIN_SELF = YES;
				CLANG_WARN_OBJC_LITERAL_CONVERSION = YES;
				CLANG_WARN_OBJC_ROOT_CLASS = YES_ERROR;
				CLANG_WARN_QUOTED_INCLUDE_IN_FRAMEWORK_HEADER = YES;
				CLANG_WARN_RANGE_LOOP_ANALYSIS = YES;
				CLANG_WARN_STRICT_PROTOTYPES = YES;
				CLANG_WARN_SUSPICIOUS_MOVE = YES;
				CLANG_WARN_UNGUARDED_AVAILABILITY = YES_AGGRESSIVE;
				CLANG_WARN_UNREACHABLE_CODE = YES;
				CLANG_WARN__DUPLICATE_METHOD_MATCH = YES;
				COPY_PHASE_STRIP = NO;
				DEBUG_INFORMATION_FORMAT = dwarf;
				ENABLE_STRICT_OBJC_MSGSEND = YES;
				ENABLE_TESTABILITY = YES;
				GCC_C_LANGUAGE_STANDARD = gnu11;
				GCC_DYNAMIC_NO_PIC = NO;
				GCC_NO_COMMON_BLOCKS = YES;
				GCC_OPTIMIZATION_LEVEL = 0;
				GCC_PREPROCESSOR_DEFINITIONS = (
					"DEBUG=1",
					"$(inherited)",
				);
				GCC_WARN_64_TO_32_BIT_CONVERSION = YES;
				GCC_WARN_ABOUT_RETURN_TYPE = YES_ERROR;
				GCC_WARN_UNDECLARED_SELECTOR = YES;
				GCC_WARN_UNINITIALIZED_AUTOS = YES_AGGRESSIVE;
				GCC_WARN_UNUSED_FUNCTION = YES;
				GCC_WARN_UNUSED_VARIABLE = YES;
				IPHONEOS_DEPLOYMENT_TARGET = 15.2;
				MTL_ENABLE_DEBUG_INFO = INCLUDE_SOURCE;
				MTL_FAST_MATH = YES;
				ONLY_ACTIVE_ARCH = YES;
				SDKROOT = iphoneos;
				SWIFT_ACTIVE_COMPILATION_CONDITIONS = DEBUG;
				SWIFT_OPTIMIZATION_LEVEL = "-Onone";
			};
			name = Debug;
		};
		7B7C437227CD8D0A00066779 /* Release */ = {
			isa = XCBuildConfiguration;
			buildSettings = {
				ALWAYS_SEARCH_USER_PATHS = NO;
				CLANG_ANALYZER_NONNULL = YES;
				CLANG_ANALYZER_NUMBER_OBJECT_CONVERSION = YES_AGGRESSIVE;
				CLANG_CXX_LANGUAGE_STANDARD = "gnu++17";
				CLANG_CXX_LIBRARY = "libc++";
				CLANG_ENABLE_MODULES = YES;
				CLANG_ENABLE_OBJC_ARC = YES;
				CLANG_ENABLE_OBJC_WEAK = YES;
				CLANG_WARN_BLOCK_CAPTURE_AUTORELEASING = YES;
				CLANG_WARN_BOOL_CONVERSION = YES;
				CLANG_WARN_COMMA = YES;
				CLANG_WARN_CONSTANT_CONVERSION = YES;
				CLANG_WARN_DEPRECATED_OBJC_IMPLEMENTATIONS = YES;
				CLANG_WARN_DIRECT_OBJC_ISA_USAGE = YES_ERROR;
				CLANG_WARN_DOCUMENTATION_COMMENTS = YES;
				CLANG_WARN_EMPTY_BODY = YES;
				CLANG_WARN_ENUM_CONVERSION = YES;
				CLANG_WARN_INFINITE_RECURSION = YES;
				CLANG_WARN_INT_CONVERSION = YES;
				CLANG_WARN_NON_LITERAL_NULL_CONVERSION = YES;
				CLANG_WARN_OBJC_IMPLICIT_RETAIN_SELF = YES;
				CLANG_WARN_OBJC_LITERAL_CONVERSION = YES;
				CLANG_WARN_OBJC_ROOT_CLASS = YES_ERROR;
				CLANG_WARN_QUOTED_INCLUDE_IN_FRAMEWORK_HEADER = YES;
				CLANG_WARN_RANGE_LOOP_ANALYSIS = YES;
				CLANG_WARN_STRICT_PROTOTYPES = YES;
				CLANG_WARN_SUSPICIOUS_MOVE = YES;
				CLANG_WARN_UNGUARDED_AVAILABILITY = YES_AGGRESSIVE;
				CLANG_WARN_UNREACHABLE_CODE = YES;
				CLANG_WARN__DUPLICATE_METHOD_MATCH = YES;
				COPY_PHASE_STRIP = NO;
				DEBUG_INFORMATION_FORMAT = "dwarf-with-dsym";
				ENABLE_NS_ASSERTIONS = NO;
				ENABLE_STRICT_OBJC_MSGSEND = YES;
				GCC_C_LANGUAGE_STANDARD = gnu11;
				GCC_NO_COMMON_BLOCKS = YES;
				GCC_WARN_64_TO_32_BIT_CONVERSION = YES;
				GCC_WARN_ABOUT_RETURN_TYPE = YES_ERROR;
				GCC_WARN_UNDECLARED_SELECTOR = YES;
				GCC_WARN_UNINITIALIZED_AUTOS = YES_AGGRESSIVE;
				GCC_WARN_UNUSED_FUNCTION = YES;
				GCC_WARN_UNUSED_VARIABLE = YES;
				IPHONEOS_DEPLOYMENT_TARGET = 15.2;
				MTL_ENABLE_DEBUG_INFO = NO;
				MTL_FAST_MATH = YES;
				SDKROOT = iphoneos;
				SWIFT_COMPILATION_MODE = wholemodule;
				SWIFT_OPTIMIZATION_LEVEL = "-O";
				VALIDATE_PRODUCT = YES;
			};
			name = Release;
		};
		7B7C437427CD8D0A00066779 /* Debug */ = {
			isa = XCBuildConfiguration;
			baseConfigurationReference = 66B00F710DF41FC24008FCDA /* Pods-MySkeletonApp.debug.xcconfig */;
			buildSettings = {
				ASSETCATALOG_COMPILER_APPICON_NAME = AppIcon;
				ASSETCATALOG_COMPILER_GLOBAL_ACCENT_COLOR_NAME = AccentColor;
				CODE_SIGN_STYLE = Automatic;
				CURRENT_PROJECT_VERSION = 1;
				GENERATE_INFOPLIST_FILE = YES;
				INFOPLIST_FILE = MySkeletonApp/Info.plist;
				INFOPLIST_KEY_UIApplicationSupportsIndirectInputEvents = YES;
				INFOPLIST_KEY_UILaunchStoryboardName = LaunchScreen;
				INFOPLIST_KEY_UIMainStoryboardFile = Main;
				INFOPLIST_KEY_UISupportedInterfaceOrientations_iPad = "UIInterfaceOrientationPortrait UIInterfaceOrientationPortraitUpsideDown UIInterfaceOrientationLandscapeLeft UIInterfaceOrientationLandscapeRight";
				INFOPLIST_KEY_UISupportedInterfaceOrientations_iPhone = "UIInterfaceOrientationPortrait UIInterfaceOrientationLandscapeLeft UIInterfaceOrientationLandscapeRight";
				LD_RUNPATH_SEARCH_PATHS = (
					"$(inherited)",
					"@executable_path/Frameworks",
				);
				MARKETING_VERSION = 1.0;
				PRODUCT_BUNDLE_IDENTIFIER = com.codewithkyo.MySkeletonApp;
				PRODUCT_NAME = "$(TARGET_NAME)";
				SWIFT_EMIT_LOC_STRINGS = YES;
				SWIFT_VERSION = 5.0;
				TARGETED_DEVICE_FAMILY = "1,2";
			};
			name = Debug;
		};
		7B7C437527CD8D0A00066779 /* Release */ = {
			isa = XCBuildConfiguration;
			baseConfigurationReference = B2408BEFF6F08D35617DC364 /* Pods-MySkeletonApp.release.xcconfig */;
			buildSettings = {
				ASSETCATALOG_COMPILER_APPICON_NAME = AppIcon;
				ASSETCATALOG_COMPILER_GLOBAL_ACCENT_COLOR_NAME = AccentColor;
				CODE_SIGN_STYLE = Automatic;
				CURRENT_PROJECT_VERSION = 1;
				GENERATE_INFOPLIST_FILE = YES;
				INFOPLIST_FILE = MySkeletonApp/Info.plist;
				INFOPLIST_KEY_UIApplicationSupportsIndirectInputEvents = YES;
				INFOPLIST_KEY_UILaunchStoryboardName = LaunchScreen;
				INFOPLIST_KEY_UIMainStoryboardFile = Main;
				INFOPLIST_KEY_UISupportedInterfaceOrientations_iPad = "UIInterfaceOrientationPortrait UIInterfaceOrientationPortraitUpsideDown UIInterfaceOrientationLandscapeLeft UIInterfaceOrientationLandscapeRight";
				INFOPLIST_KEY_UISupportedInterfaceOrientations_iPhone = "UIInterfaceOrientationPortrait UIInterfaceOrientationLandscapeLeft UIInterfaceOrientationLandscapeRight";
				LD_RUNPATH_SEARCH_PATHS = (
					"$(inherited)",
					"@executable_path/Frameworks",
				);
				MARKETING_VERSION = 1.0;
				PRODUCT_BUNDLE_IDENTIFIER = com.codewithkyo.MySkeletonApp;
				PRODUCT_NAME = "$(TARGET_NAME)";
				SWIFT_EMIT_LOC_STRINGS = YES;
				SWIFT_VERSION = 5.0;
				TARGETED_DEVICE_FAMILY = "1,2";
			};
			name = Release;
		};
/* End XCBuildConfiguration section */

/* Begin XCConfigurationList section */
		7B7C435A27CD8D0400066779 /* Build configuration list for PBXProject "MySkeletonApp" */ = {
			isa = XCConfigurationList;
			buildConfigurations = (
				7B7C437127CD8D0A00066779 /* Debug */,
				7B7C437227CD8D0A00066779 /* Release */,
			);
			defaultConfigurationIsVisible = 0;
			defaultConfigurationName = Release;
		};
		7B7C437327CD8D0A00066779 /* Build configuration list for PBXNativeTarget "MySkeletonApp" */ = {
			isa = XCConfigurationList;
			buildConfigurations = (
				7B7C437427CD8D0A00066779 /* Debug */,
				7B7C437527CD8D0A00066779 /* Release */,
			);
			defaultConfigurationIsVisible = 0;
			defaultConfigurationName = Release;
		};
/* End XCConfigurationList section */
	};
	rootObject = 7B7C435727CD8D0400066779 /* Project object */;
}
